
Microsoft Visual Studio Solution File, Format Version 12.00
# Visual Studio 2012
Project("{FAE04EC0-301F-11D3-BF4B-00C04F79EFBC}") = "HelloWorld", "helloworld\HelloWorld.csproj", "{98C9434B-5183-429F-BAC8-DE52A6E6FC58}"
EndProject
Project("{FAE04EC0-301F-11D3-BF4B-00C04F79EFBC}") = "HelloCalc", "HelloCalc\HelloCalc.csproj", "{8097CEAC-1543-426F-9C6F-FE437E415715}"
EndProject
Project("{FAE04EC0-301F-11D3-BF4B-00C04F79EFBC}") = "HelloStr", "helloStr\HelloStr.csproj", "{AC82DCDE-EF79-4A3E-A806-4D6A9C809AB8}"
EndProject
Project("{FAE04EC0-301F-11D3-BF4B-00C04F79EFBC}") = "HelloFile", "HelloFile\HelloFile.csproj", "{7156370D-76B7-4BB4-BA86-17EAC182123C}"
EndProject
Project("{FAE04EC0-301F-11D3-BF4B-00C04F79EFBC}") = "HelloLog", "HelloLog\HelloLog.csproj", "{3CB58DA4-541D-4B5F-A10F-C8D5AC0AB08A}"
EndProject
Project("{FAE04EC0-301F-11D3-BF4B-00C04F79EFBC}") = "HelloServer", "HelloServer\HelloServer.csproj", "{EF9E33B1-6586-440B-9537-6AC03B026FAB}"
EndProject
Project("{FAE04EC0-301F-11D3-BF4B-00C04F79EFBC}") = "HelloClient", "HelloClient\HelloClient.csproj", "{CC5DE23C-0529-4BE1-8BF5-E5412E030433}"
EndProject
Global
	GlobalSection(SolutionConfigurationPlatforms) = preSolution
		Debug|Any CPU = Debug|Any CPU
		Release|Any CPU = Release|Any CPU
	EndGlobalSection
	GlobalSection(ProjectConfigurationPlatforms) = postSolution
		{98C9434B-5183-429F-BAC8-DE52A6E6FC58}.Debug|Any CPU.ActiveCfg = Debug|Any CPU
		{98C9434B-5183-429F-BAC8-DE52A6E6FC58}.Debug|Any CPU.Build.0 = Debug|Any CPU
		{98C9434B-5183-429F-BAC8-DE52A6E6FC58}.Release|Any CPU.ActiveCfg = Release|Any CPU
		{98C9434B-5183-429F-BAC8-DE52A6E6FC58}.Release|Any CPU.Build.0 = Release|Any CPU
		{8097CEAC-1543-426F-9C6F-FE437E415715}.Debug|Any CPU.ActiveCfg = Debug|Any CPU
		{8097CEAC-1543-426F-9C6F-FE437E415715}.Debug|Any CPU.Build.0 = Debug|Any CPU
		{8097CEAC-1543-426F-9C6F-FE437E415715}.Release|Any CPU.ActiveCfg = Release|Any CPU
		{8097CEAC-1543-426F-9C6F-FE437E415715}.Release|Any CPU.Build.0 = Release|Any CPU
		{AC82DCDE-EF79-4A3E-A806-4D6A9C809AB8}.Debug|Any CPU.ActiveCfg = Debug|Any CPU
		{AC82DCDE-EF79-4A3E-A806-4D6A9C809AB8}.Debug|Any CPU.Build.0 = Debug|Any CPU
		{AC82DCDE-EF79-4A3E-A806-4D6A9C809AB8}.Release|Any CPU.ActiveCfg = Release|Any CPU
		{AC82DCDE-EF79-4A3E-A806-4D6A9C809AB8}.Release|Any CPU.Build.0 = Release|Any CPU
		{7156370D-76B7-4BB4-BA86-17EAC182123C}.Debug|Any CPU.ActiveCfg = Debug|Any CPU
		{7156370D-76B7-4BB4-BA86-17EAC182123C}.Debug|Any CPU.Build.0 = Debug|Any CPU
		{7156370D-76B7-4BB4-BA86-17EAC182123C}.Release|Any CPU.ActiveCfg = Release|Any CPU
		{7156370D-76B7-4BB4-BA86-17EAC182123C}.Release|Any CPU.Build.0 = Release|Any CPU
		{3CB58DA4-541D-4B5F-A10F-C8D5AC0AB08A}.Debug|Any CPU.ActiveCfg = Debug|Any CPU
		{3CB58DA4-541D-4B5F-A10F-C8D5AC0AB08A}.Debug|Any CPU.Build.0 = Debug|Any CPU
		{3CB58DA4-541D-4B5F-A10F-C8D5AC0AB08A}.Release|Any CPU.ActiveCfg = Release|Any CPU
		{3CB58DA4-541D-4B5F-A10F-C8D5AC0AB08A}.Release|Any CPU.Build.0 = Release|Any CPU
		{EF9E33B1-6586-440B-9537-6AC03B026FAB}.Debug|Any CPU.ActiveCfg = Debug|Any CPU
		{EF9E33B1-6586-440B-9537-6AC03B026FAB}.Debug|Any CPU.Build.0 = Debug|Any CPU
		{EF9E33B1-6586-440B-9537-6AC03B026FAB}.Release|Any CPU.ActiveCfg = Release|Any CPU
		{EF9E33B1-6586-440B-9537-6AC03B026FAB}.Release|Any CPU.Build.0 = Release|Any CPU
		{CC5DE23C-0529-4BE1-8BF5-E5412E030433}.Debug|Any CPU.ActiveCfg = Debug|Any CPU
		{CC5DE23C-0529-4BE1-8BF5-E5412E030433}.Debug|Any CPU.Build.0 = Debug|Any CPU
		{CC5DE23C-0529-4BE1-8BF5-E5412E030433}.Release|Any CPU.ActiveCfg = Release|Any CPU
		{CC5DE23C-0529-4BE1-8BF5-E5412E030433}.Release|Any CPU.Build.0 = Release|Any CPU
	EndGlobalSection
	GlobalSection(SolutionProperties) = preSolution
		HideSolutionNode = FALSE
	EndGlobalSection
EndGlobal
